# @generated by Move, please check-in and do not edit manually.

[move]
version = 3
manifest_digest = "0AACC71242D8F6EC7C077C8AAE16E55F0F3D94EEB35F33A0129F106F05EE5F2F"
deps_digest = "F8BBB0CCB2491CA29A3DF03D6F92277A4F3574266507ACD77214D37ECA3F3082"
dependencies = [
  { id = "One", name = "One" },
]

[[move.package]]
id = "MoveStdlib"
source = { git = "https://github.com/one-chain-labs/onechain.git", rev = "main", subdir = "crates/sui-framework/packages/move-stdlib" }

[[move.package]]
id = "One"
source = { git = "https://github.com/one-chain-labs/onechain.git", rev = "main", subdir = "crates/sui-framework/packages/one-framework" }

dependencies = [
  { id = "MoveStdlib", name = "MoveStdlib" },
]

[move.toolchain-version]
compiler-version = "1.0.1"
edition = "2024.beta"
flavor = "one"

[env]

[env.testnet]
chain-id = "1bd5c965"
original-published-id = "0x803fc510b1b66e91e5156d830b0e9673298db26c2cb6aff044b93c96002f8fcf"
latest-published-id = "0x803fc510b1b66e91e5156d830b0e9673298db26c2cb6aff044b93c96002f8fcf"
published-version = "1"
